PODS:
  - ModesoActionOverlay (1.0.0)

DEPENDENCIES:
  - ModesoActionOverlay (from `https://github.com/Modeso/MActionOverlay.git`)

EXTERNAL SOURCES:
  ModesoActionOverlay:
    :git: https://github.com/Modeso/MActionOverlay.git

CHECKOUT OPTIONS:
  ModesoActionOverlay:
    :commit: 815a865866b6f9e4d546d38fd7e32a859b84bdfb
    :git: https://github.com/Modeso/MActionOverlay.git

SPEC CHECKSUMS:
  ModesoActionOverlay: 1e94570ace936a74e1f9032611e73caf4f28a7d3

PODFILE CHECKSUM: 1f1214fd7194d27d8374e010d62f16eecd7b6925

COCOAPODS: 1.2.1
