PODS:
  - ModesoActionOverlay (1.0.0)

DEPENDENCIES:
  - ModesoActionOverlay (from `../../ModesoActionOverlay`)

EXTERNAL SOURCES:
  ModesoActionOverlay:
    :path: ../../ModesoActionOverlay

SPEC CHECKSUMS:
  ModesoActionOverlay: 97c6a655dd9c3764d691c2b0970ec9f5b86c9af7

PODFILE CHECKSUM: e0ae974b6d5ea16229a1d9aab1e93658f072ae55

COCOAPODS: 1.2.1
