// !$*UTF8*$!
{
	archiveVersion = 1;
	classes = {
	};
	objectVersion = 46;
	objects = {

/* Begin PBXBuildFile section */
		66D749799723D49E1C078A0A /* Pods_ActionOverlayDemo.framework in Frameworks */ = {isa = PBXBuildFile; fileRef = 4874C56FAD32884AFED6DF43 /* Pods_ActionOverlayDemo.framework */; };
		E94F06E21F3087A20006A875 /* AppDelegate.swift in Sources */ = {isa = PBXBuildFile; fileRef = E94F06E11F3087A20006A875 /* AppDelegate.swift */; };
		E94F06E41F3087A20006A875 /* ViewController.swift in Sources */ = {isa = PBXBuildFile; fileRef = E94F06E31F3087A20006A875 /* ViewController.swift */; };
		E94F06E71F3087A20006A875 /* Main.storyboard in Resources */ = {isa = PBXBuildFile; fileRef = E94F06E51F3087A20006A875 /* Main.storyboard */; };
		E94F06E91F3087A20006A875 /* Assets.xcassets in Resources */ = {isa = PBXBuildFile; fileRef = E94F06E81F3087A20006A875 /* Assets.xcassets */; };
		E94F06EC1F3087A20006A875 /* LaunchScreen.storyboard in Resources */ = {isa = PBXBuildFile; fileRef = E94F06EA1F3087A20006A875 /* LaunchScreen.storyboard */; };
/* End PBXBuildFile section */

/* Begin PBXFileReference section */
		1512CA4574225A33788AED39 /* Pods-ActionOverlayDemo.release.xcconfig */ = {isa = PBXFileReference; includeInIndex = 1; lastKnownFileType = text.xcconfig; name = "Pods-ActionOverlayDemo.release.xcconfig"; path = "Pods/Target Support Files/Pods-ActionOverlayDemo/Pods-ActionOverlayDemo.release.xcconfig"; sourceTree = "<group>"; };
		4874C56FAD32884AFED6DF43 /* Pods_ActionOverlayDemo.framework */ = {isa = PBXFileReference; explicitFileType = wrapper.framework; includeInIndex = 0; path = Pods_ActionOverlayDemo.framework; sourceTree = BUILT_PRODUCTS_DIR; };
		A367D85C7F5921062F93B76B /* Pods-ActionOverlayDemo.debug.xcconfig */ = {isa = PBXFileReference; includeInIndex = 1; lastKnownFileType = text.xcconfig; name = "Pods-ActionOverlayDemo.debug.xcconfig"; path = "Pods/Target Support Files/Pods-ActionOverlayDemo/Pods-ActionOverlayDemo.debug.xcconfig"; sourceTree = "<group>"; };
		E94F06DE1F3087A20006A875 /* ActionOverlayDemo.app */ = {isa = PBXFileReference; explicitFileType = wrapper.application; includeInIndex = 0; path = ActionOverlayDemo.app; sourceTree = BUILT_PRODUCTS_DIR; };
		E94F06E11F3087A20006A875 /* AppDelegate.swift */ = {isa = PBXFileReference; lastKnownFileType = sourcecode.swift; path = AppDelegate.swift; sourceTree = "<group>"; };
		E94F06E31F3087A20006A875 /* ViewController.swift */ = {isa = PBXFileReference; lastKnownFileType = sourcecode.swift; path = ViewController.swift; sourceTree = "<group>"; };
		E94F06E61F3087A20006A875 /* Base */ = {isa = PBXFileReference; lastKnownFileType = file.storyboard; name = Base; path = Base.lproj/Main.storyboard; sourceTree = "<group>"; };
		E94F06E81F3087A20006A875 /* Assets.xcassets */ = {isa = PBXFileReference; lastKnownFileType = folder.assetcatalog; path = Assets.xcassets; sourceTree = "<group>"; };
		E94F06EB1F3087A20006A875 /* Base */ = {isa = PBXFileReference; lastKnownFileType = file.storyboard; name = Base; path = Base.lproj/LaunchScreen.storyboard; sourceTree = "<group>"; };
		E94F06ED1F3087A20006A875 /* Info.plist */ = {isa = PBXFileReference; lastKnownFileType = text.plist.xml; path = Info.plist; sourceTree = "<group>"; };
/* End PBXFileReference section */

/* Begin PBXFrameworksBuildPhase section */
		E94F06DB1F3087A20006A875 /* Frameworks */ = {
			isa = PBXFrameworksBuildPhase;
			buildActionMask = 2147483647;
			files = (
				66D749799723D49E1C078A0A /* Pods_ActionOverlayDemo.framework in Frameworks */,
			);
			runOnlyForDeploymentPostprocessing = 0;
		};
/* End PBXFrameworksBuildPhase section */

/* Begin PBXGroup section */
		8C8D287607137006B5B2B29E /* Pods */ = {
			isa = PBXGroup;
			children = (
				A367D85C7F5921062F93B76B /* Pods-ActionOverlayDemo.debug.xcconfig */,
				1512CA4574225A33788AED39 /* Pods-ActionOverlayDemo.release.xcconfig */,
			);
			name = Pods;
			sourceTree = "<group>";
		};
		E1D0E8E74612023AC8D229F6 /* Frameworks */ = {
			isa = PBXGroup;
			children = (
				4874C56FAD32884AFED6DF43 /* Pods_ActionOverlayDemo.framework */,
			);
			name = Frameworks;
			sourceTree = "<group>";
		};
		E94F06D51F3087A20006A875 = {
			isa = PBXGroup;
			children = (
				E94F06E01F3087A20006A875 /* ActionOverlayDemo */,
				E94F06DF1F3087A20006A875 /* Products */,
				8C8D287607137006B5B2B29E /* Pods */,
				E1D0E8E74612023AC8D229F6 /* Frameworks */,
			);
			sourceTree = "<group>";
		};
		E94F06DF1F3087A20006A875 /* Products */ = {
			isa = PBXGroup;
			children = (
				E94F06DE1F3087A20006A875 /* ActionOverlayDemo.app */,
			);
			name = Products;
			sourceTree = "<group>";
		};
		E94F06E01F3087A20006A875 /* ActionOverlayDemo */ = {
			isa = PBXGroup;
			children = (
				E94F06E11F3087A20006A875 /* AppDelegate.swift */,
				E94F06E31F3087A20006A875 /* ViewController.swift */,
				E94F06E51F3087A20006A875 /* Main.storyboard */,
				E94F06E81F3087A20006A875 /* Assets.xcassets */,
				E94F06EA1F3087A20006A875 /* LaunchScreen.storyboard */,
				E94F06ED1F3087A20006A875 /* Info.plist */,
			);
			path = ActionOverlayDemo;
			sourceTree = "<group>";
		};
/* End PBXGroup section */

/* Begin PBXNativeTarget section */
		E94F06DD1F3087A20006A875 /* ActionOverlayDemo */ = {
			isa = PBXNativeTarget;
			buildConfigurationList = E94F06F01F3087A20006A875 /* Build configuration list for PBXNativeTarget "ActionOverlayDemo" */;
			buildPhases = (
				AF5DC79248B02EEA4D182C40 /* [CP] Check Pods Manifest.lock */,
				E94F06DA1F3087A20006A875 /* Sources */,
				E94F06DB1F3087A20006A875 /* Frameworks */,
				E94F06DC1F3087A20006A875 /* Resources */,
				2F6250EE56BBCE0C60CA63A2 /* [CP] Embed Pods Frameworks */,
				BB3ADBBFB43D7B08CD012649 /* [CP] Copy Pods Resources */,
			);
			buildRules = (
			);
			dependencies = (
			);
			name = ActionOverlayDemo;
			productName = ActionOverlayDemo;
			productReference = E94F06DE1F3087A20006A875 /* ActionOverlayDemo.app */;
			productType = "com.apple.product-type.application";
		};
/* End PBXNativeTarget section */

/* Begin PBXProject section */
		E94F06D61F3087A20006A875 /* Project object */ = {
			isa = PBXProject;
			attributes = {
				LastSwiftUpdateCheck = 0830;
				LastUpgradeCheck = 0830;
				ORGANIZATIONNAME = Modeso;
				TargetAttributes = {
					E94F06DD1F3087A20006A875 = {
						CreatedOnToolsVersion = 8.3;
						DevelopmentTeam = XP9UK5V4RA;
						ProvisioningStyle = Automatic;
					};
				};
			};
			buildConfigurationList = E94F06D91F3087A20006A875 /* Build configuration list for PBXProject "ActionOverlayDemo" */;
			compatibilityVersion = "Xcode 3.2";
			developmentRegion = English;
			hasScannedForEncodings = 0;
			knownRegions = (
				en,
				Base,
			);
			mainGroup = E94F06D51F3087A20006A875;
			productRefGroup = E94F06DF1F3087A20006A875 /* Products */;
			projectDirPath = "";
			projectRoot = "";
			targets = (
				E94F06DD1F3087A20006A875 /* ActionOverlayDemo */,
			);
		};
/* End PBXProject section */

/* Begin PBXResourcesBuildPhase section */
		E94F06DC1F3087A20006A875 /* Resources */ = {
			isa = PBXResourcesBuildPhase;
			buildActionMask = 2147483647;
			files = (
				E94F06EC1F3087A20006A875 /* LaunchScreen.storyboard in Resources */,
				E94F06E91F3087A20006A875 /* Assets.xcassets in Resources */,
				E94F06E71F3087A20006A875 /* Main.storyboard in Resources */,
			);
			runOnlyForDeploymentPostprocessing = 0;
		};
/* End PBXResourcesBuildPhase section */

/* Begin PBXShellScriptBuildPhase section */
		2F6250EE56BBCE0C60CA63A2 /* [CP] Embed Pods Frameworks */ = {
			isa = PBXShellScriptBuildPhase;
			buildActionMask = 2147483647;
			files = (
			);
			inputPaths = (
			);
			name = "[CP] Embed Pods Frameworks";
			outputPaths = (
			);
			runOnlyForDeploymentPostprocessing = 0;
			shellPath = /bin/sh;
			shellScript = "\"${SRCROOT}/Pods/Target Support Files/Pods-ActionOverlayDemo/Pods-ActionOverlayDemo-frameworks.sh\"\n";
			showEnvVarsInLog = 0;
		};
		AF5DC79248B02EEA4D182C40 /* [CP] Check Pods Manifest.lock */ = {
			isa = PBXShellScriptBuildPhase;
			buildActionMask = 2147483647;
			files = (
			);
			inputPaths = (
			);
			name = "[CP] Check Pods Manifest.lock";
			outputPaths = (
			);
			runOnlyForDeploymentPostprocessing = 0;
			shellPath = /bin/sh;
			shellScript = "diff \"${PODS_PODFILE_DIR_PATH}/Podfile.lock\" \"${PODS_ROOT}/Manifest.lock\" > /dev/null\nif [ $? != 0 ] ; then\n    # print error to STDERR\n    echo \"error: The sandbox is not in sync with the Podfile.lock. Run 'pod install' or update your CocoaPods installation.\" >&2\n    exit 1\nfi\n";
			showEnvVarsInLog = 0;
		};
		BB3ADBBFB43D7B08CD012649 /* [CP] Copy Pods Resources */ = {
			isa = PBXShellScriptBuildPhase;
			buildActionMask = 2147483647;
			files = (
			);
			inputPaths = (
			);
			name = "[CP] Copy Pods Resources";
			outputPaths = (
			);
			runOnlyForDeploymentPostprocessing = 0;
			shellPath = /bin/sh;
			shellScript = "\"${SRCROOT}/Pods/Target Support Files/Pods-ActionOverlayDemo/Pods-ActionOverlayDemo-resources.sh\"\n";
			showEnvVarsInLog = 0;
		};
/* End PBXShellScriptBuildPhase section */

/* Begin PBXSourcesBuildPhase section */
		E94F06DA1F3087A20006A875 /* Sources */ = {
			isa = PBXSourcesBuildPhase;
			buildActionMask = 2147483647;
			files = (
				E94F06E41F3087A20006A875 /* ViewController.swift in Sources */,
				E94F06E21F3087A20006A875 /* AppDelegate.swift in Sources */,
			);
			runOnlyForDeploymentPostprocessing = 0;
		};
/* End PBXSourcesBuildPhase section */

/* Begin PBXVariantGroup section */
		E94F06E51F3087A20006A875 /* Main.storyboard */ = {
			isa = PBXVariantGroup;
			children = (
				E94F06E61F3087A20006A875 /* Base */,
			);
			name = Main.storyboard;
			sourceTree = "<group>";
		};
		E94F06EA1F3087A20006A875 /* LaunchScreen.storyboard */ = {
			isa = PBXVariantGroup;
			children = (
				E94F06EB1F3087A20006A875 /* Base */,
			);
			name = LaunchScreen.storyboard;
			sourceTree = "<group>";
		};
/* End PBXVariantGroup section */

/* Begin XCBuildConfiguration section */
		E94F06EE1F3087A20006A875 /* Debug */ = {
			isa = XCBuildConfiguration;
			buildSettings = {
				ALWAYS_SEARCH_USER_PATHS = NO;
				CLANG_ANALYZER_NONNULL = YES;
				CLANG_ANALYZER_NUMBER_OBJECT_CONVERSION = YES_AGGRESSIVE;
				CLANG_CXX_LANGUAGE_STANDARD = "gnu++0x";
				CLANG_CXX_LIBRARY = "libc++";
				CLANG_ENABLE_MODULES = YES;
				CLANG_ENABLE_OBJC_ARC = YES;
				CLANG_WARN_BOOL_CONVERSION = YES;
				CLANG_WARN_CONSTANT_CONVERSION = YES;
				CLANG_WARN_DIRECT_OBJC_ISA_USAGE = YES_ERROR;
				CLANG_WARN_DOCUMENTATION_COMMENTS = YES;
				CLANG_WARN_EMPTY_BODY = YES;
				CLANG_WARN_ENUM_CONVERSION = YES;
				CLANG_WARN_INFINITE_RECURSION = YES;
				CLANG_WARN_INT_CONVERSION = YES;
				CLANG_WARN_OBJC_ROOT_CLASS = YES_ERROR;
				CLANG_WARN_SUSPICIOUS_MOVE = YES;
				CLANG_WARN_UNREACHABLE_CODE = YES;
				CLANG_WARN__DUPLICATE_METHOD_MATCH = YES;
				"CODE_SIGN_IDENTITY[sdk=iphoneos*]" = "iPhone Developer";
				COPY_PHASE_STRIP = NO;
				DEBUG_INFORMATION_FORMAT = dwarf;
				ENABLE_STRICT_OBJC_MSGSEND = YES;
				ENABLE_TESTABILITY = YES;
				GCC_C_LANGUAGE_STANDARD = gnu99;
				GCC_DYNAMIC_NO_PIC = NO;
				GCC_NO_COMMON_BLOCKS = YES;
				GCC_OPTIMIZATION_LEVEL = 0;
				GCC_PREPROCESSOR_DEFINITIONS = (
					"DEBUG=1",
					"$(inherited)",
				);
				GCC_WARN_64_TO_32_BIT_CONVERSION = YES;
				GCC_WARN_ABOUT_RETURN_TYPE = YES_ERROR;
				GCC_WARN_UNDECLARED_SELECTOR = YES;
				GCC_WARN_UNINITIALIZED_AUTOS = YES_AGGRESSIVE;
				GCC_WARN_UNUSED_FUNCTION = YES;
				GCC_WARN_UNUSED_VARIABLE = YES;
				IPHONEOS_DEPLOYMENT_TARGET = 10.3;
				MTL_ENABLE_DEBUG_INFO = YES;
				ONLY_ACTIVE_ARCH = YES;
				SDKROOT = iphoneos;
				SWIFT_ACTIVE_COMPILATION_CONDITIONS = DEBUG;
				SWIFT_OPTIMIZATION_LEVEL = "-Onone";
				TARGETED_DEVICE_FAMILY = "1,2";
			};
			name = Debug;
		};
		E94F06EF1F3087A20006A875 /* Release */ = {
			isa = XCBuildConfiguration;
			buildSettings = {
				ALWAYS_SEARCH_USER_PATHS = NO;
				CLANG_ANALYZER_NONNULL = YES;
				CLANG_ANALYZER_NUMBER_OBJECT_CONVERSION = YES_AGGRESSIVE;
				CLANG_CXX_LANGUAGE_STANDARD = "gnu++0x";
				CLANG_CXX_LIBRARY = "libc++";
				CLANG_ENABLE_MODULES = YES;
				CLANG_ENABLE_OBJC_ARC = YES;
				CLANG_WARN_BOOL_CONVERSION = YES;
				CLANG_WARN_CONSTANT_CONVERSION = YES;
				CLANG_WARN_DIRECT_OBJC_ISA_USAGE = YES_ERROR;
				CLANG_WARN_DOCUMENTATION_COMMENTS = YES;
				CLANG_WARN_EMPTY_BODY = YES;
				CLANG_WARN_ENUM_CONVERSION = YES;
				CLANG_WARN_INFINITE_RECURSION = YES;
				CLANG_WARN_INT_CONVERSION = YES;
				CLANG_WARN_OBJC_ROOT_CLASS = YES_ERROR;
				CLANG_WARN_SUSPICIOUS_MOVE = YES;
				CLANG_WARN_UNREACHABLE_CODE = YES;
				CLANG_WARN__DUPLICATE_METHOD_MATCH = YES;
				"CODE_SIGN_IDENTITY[sdk=iphoneos*]" = "iPhone Developer";
				COPY_PHASE_STRIP = NO;
				DEBUG_INFORMATION_FORMAT = "dwarf-with-dsym";
				ENABLE_NS_ASSERTIONS = NO;
				ENABLE_STRICT_OBJC_MSGSEND = YES;
				GCC_C_LANGUAGE_STANDARD = gnu99;
				GCC_NO_COMMON_BLOCKS = YES;
				GCC_WARN_64_TO_32_BIT_CONVERSION = YES;
				GCC_WARN_ABOUT_RETURN_TYPE = YES_ERROR;
				GCC_WARN_UNDECLARED_SELECTOR = YES;
				GCC_WARN_UNINITIALIZED_AUTOS = YES_AGGRESSIVE;
				GCC_WARN_UNUSED_FUNCTION = YES;
				GCC_WARN_UNUSED_VARIABLE = YES;
				IPHONEOS_DEPLOYMENT_TARGET = 10.3;
				MTL_ENABLE_DEBUG_INFO = NO;
				SDKROOT = iphoneos;
				SWIFT_OPTIMIZATION_LEVEL = "-Owholemodule";
				TARGETED_DEVICE_FAMILY = "1,2";
				VALIDATE_PRODUCT = YES;
			};
			name = Release;
		};
		E94F06F11F3087A20006A875 /* Debug */ = {
			isa = XCBuildConfiguration;
			baseConfigurationReference = A367D85C7F5921062F93B76B /* Pods-ActionOverlayDemo.debug.xcconfig */;
			buildSettings = {
				ASSETCATALOG_COMPILER_APPICON_NAME = AppIcon;
				DEVELOPMENT_TEAM = XP9UK5V4RA;
				INFOPLIST_FILE = ActionOverlayDemo/Info.plist;
				IPHONEOS_DEPLOYMENT_TARGET = 8.0;
				LD_RUNPATH_SEARCH_PATHS = "$(inherited) @executable_path/Frameworks";
				PRODUCT_BUNDLE_IDENTIFIER = modeso.ActionOverlayDemo;
				PRODUCT_NAME = "$(TARGET_NAME)";
				SWIFT_VERSION = 3.0;
			};
			name = Debug;
		};
		E94F06F21F3087A20006A875 /* Release */ = {
			isa = XCBuildConfiguration;
			baseConfigurationReference = 1512CA4574225A33788AED39 /* Pods-ActionOverlayDemo.release.xcconfig */;
			buildSettings = {
				ASSETCATALOG_COMPILER_APPICON_NAME = AppIcon;
				DEVELOPMENT_TEAM = XP9UK5V4RA;
				INFOPLIST_FILE = ActionOverlayDemo/Info.plist;
				IPHONEOS_DEPLOYMENT_TARGET = 8.0;
				LD_RUNPATH_SEARCH_PATHS = "$(inherited) @executable_path/Frameworks";
				PRODUCT_BUNDLE_IDENTIFIER = modeso.ActionOverlayDemo;
				PRODUCT_NAME = "$(TARGET_NAME)";
				SWIFT_VERSION = 3.0;
			};
			name = Release;
		};
/* End XCBuildConfiguration section */

/* Begin XCConfigurationList section */
		E94F06D91F3087A20006A875 /* Build configuration list for PBXProject "ActionOverlayDemo" */ = {
			isa = XCConfigurationList;
			buildConfigurations = (
				E94F06EE1F3087A20006A875 /* Debug */,
				E94F06EF1F3087A20006A875 /* Release */,
			);
			defaultConfigurationIsVisible = 0;
			defaultConfigurationName = Release;
		};
		E94F06F01F3087A20006A875 /* Build configuration list for PBXNativeTarget "ActionOverlayDemo" */ = {
			isa = XCConfigurationList;
			buildConfigurations = (
				E94F06F11F3087A20006A875 /* Debug */,
				E94F06F21F3087A20006A875 /* Release */,
			);
			defaultConfigurationIsVisible = 0;
			defaultConfigurationName = Release;
		};
/* End XCConfigurationList section */
	};
	rootObject = E94F06D61F3087A20006A875 /* Project object */;
}
